<?xml version="1.0" encoding="utf-8"?>
<Project ToolsVersion="4.0" xmlns="http://schemas.microsoft.com/developer/msbuild/2003">
  <ItemGroup>
    <Filter Include="Source Files">
      <UniqueIdentifier>{4FC737F1-C7A5-4376-A066-2A32D752A2FF}</UniqueIdentifier>
      <Extensions>cpp;c;cc;cxx;c++;cppm;ixx;def;odl;idl;hpj;bat;asm;asmx</Extensions>
    </Filter>
    <Filter Include="Header Files">
      <UniqueIdentifier>{93995380-89BD-4b04-88EB-625FBE52EBFB}</UniqueIdentifier>
      <Extensions>h;hh;hpp;hxx;h++;hm;inl;inc;ipp;xsd</Extensions>
    </Filter>
    <Filter Include="Resource Files">
      <UniqueIdentifier>{67DA6AB6-F800-4c08-8B7A-83BB121AAD01}</UniqueIdentifier>
      <Extensions>rc;ico;cur;bmp;dlg;rc2;rct;bin;rgs;gif;jpg;jpeg;jpe;resx;tiff;tif;png;wav;mfcribbon-ms</Extensions>
    </Filter>
    <Filter Include="Modules">
      <UniqueIdentifier>{c4b7f6f0-49e1-4741-886f-ba7ff790a53d}</UniqueIdentifier>
    </Filter>
    <Filter Include="Modules\Animation">
      <UniqueIdentifier>{fd19bae4-4eb2-455e-b217-be71ef9f61e3}</UniqueIdentifier>
    </Filter>
    <Filter Include="Modules\Particle System">
      <UniqueIdentifier>{e0370226-a00b-4c0c-b7b5-c4623f287965}</UniqueIdentifier>
    </Filter>
    <Filter Include="Header Files\core">
      <UniqueIdentifier>{144bd28a-d75d-4371-bcd0-204b40a0dba9}</UniqueIdentifier>
    </Filter>
    <Filter Include="Header Files\core\audio">
      <UniqueIdentifier>{76bdf1ba-93b0-41c0-bec4-edf7bc6db2ab}</UniqueIdentifier>
    </Filter>
    <Filter Include="Header Files\core\memory">
      <UniqueIdentifier>{04c3c38f-2b26-4292-bea2-58f12431e60a}</UniqueIdentifier>
    </Filter>
    <Filter Include="Header Files\core\uuid">
      <UniqueIdentifier>{5952a4be-7b9d-4a17-90a2-fe17cba44b38}</UniqueIdentifier>
    </Filter>
    <Filter Include="Header Files\gfx">
      <UniqueIdentifier>{491bedd2-11f7-46c0-af44-73e3398099ef}</UniqueIdentifier>
    </Filter>
    <Filter Include="Header Files\gfx\panels">
      <UniqueIdentifier>{6b53c7c0-c04d-459e-8c4a-ea62c6ee04dc}</UniqueIdentifier>
    </Filter>
    <Filter Include="Header Files\gfx\windows">
      <UniqueIdentifier>{ba6806a1-911f-417b-9bda-e88bc3ca2185}</UniqueIdentifier>
    </Filter>
    <Filter Include="Header Files\gfx\windows\fileops">
      <UniqueIdentifier>{429c08ba-3a7a-4408-96a7-0546aceb6153}</UniqueIdentifier>
    </Filter>
    <Filter Include="Header Files\graphics">
      <UniqueIdentifier>{c5e6d106-6507-42d8-b583-70470afed876}</UniqueIdentifier>
    </Filter>
  </ItemGroup>
  <ItemGroup>
    <ClInclude Include="src\pch.h">
      <Filter>Header Files</Filter>
    </ClInclude>
    <ClInclude Include="src\render\components\StaticDirectionalLight.h">
      <Filter>Header Files</Filter>
    </ClInclude>
    <ClInclude Include="src\render\components\StaticPointLight.h">
      <Filter>Header Files</Filter>
    </ClInclude>
    <ClInclude Include="src\render\components\StaticSpotLight.h">
      <Filter>Header Files</Filter>
    </ClInclude>
    <ClInclude Include="src\Modules\importers\meshImporter.h">
      <Filter>Header Files</Filter>
    </ClInclude>
    <ClInclude Include="src\finPch.h">
      <Filter>Header Files</Filter>
    </ClInclude>
    <ClInclude Include="src\Graphics\Components\Collision\CollisionModel\CollisionModel.h">
      <Filter>Header Files</Filter>
    </ClInclude>
    <ClInclude Include="src\Graphics\Components\PBR\PBRMaterial.h">
      <Filter>Header Files</Filter>
    </ClInclude>
    <ClInclude Include="src\Graphics\Components\Skybox\Skybox.h">
      <Filter>Header Files</Filter>
    </ClInclude>
    <ClInclude Include="src\Graphics\Components\Face.h">
      <Filter>Header Files</Filter>
    </ClInclude>
    <ClInclude Include="src\Graphics\Components\GLShader.h">
      <Filter>Header Files</Filter>
    </ClInclude>
    <ClInclude Include="src\Graphics\Components\GLTexture.h">
      <Filter>Header Files</Filter>
    </ClInclude>
    <ClInclude Include="src\Graphics\Components\GLVertexArray.h">
      <Filter>Header Files</Filter>
    </ClInclude>
    <ClInclude Include="src\Graphics\Components\Light\Light.h">
      <Filter>Header Files</Filter>
    </ClInclude>
    <ClInclude Include="src\Graphics\Components\Mesh.h">
      <Filter>Header Files</Filter>
    </ClInclude>
    <ClInclude Include="src\Graphics\Components\VertexHolder.h">
      <Filter>Header Files</Filter>
    </ClInclude>
    <ClInclude Include="src\Graphics\Handler\errorHandler\errors.h">
      <Filter>Header Files</Filter>
    </ClInclude>
    <ClInclude Include="src\Graphics\Util\hardwarecaps.h">
      <Filter>Header Files</Filter>
    </ClInclude>
    <ClInclude Include="src\Graphics\Util\strUtil.h">
      <Filter>Header Files</Filter>
    </ClInclude>
    <ClInclude Include="src\Graphics\Util\tokenizer.h">
      <Filter>Header Files</Filter>
    </ClInclude>
    <ClInclude Include="src\Graphics\glBufferManager.h">
      <Filter>Header Files</Filter>
    </ClInclude>
    <ClInclude Include="src\Graphics\glContext.h">
      <Filter>Header Files</Filter>
    </ClInclude>
    <ClInclude Include="src\Graphics\renderBase.h">
      <Filter>Header Files</Filter>
    </ClInclude>
    <ClInclude Include="src\Graphics\uiContext.h">
      <Filter>Header Files</Filter>
    </ClInclude>
    <ClInclude Include="src\Graphics\widgets.h">
      <Filter>Header Files</Filter>
    </ClInclude>
    <ClInclude Include="src\Graphics\Components\Camera\Camera.h">
      <Filter>Header Files</Filter>
    </ClInclude>
    <ClInclude Include="src\Modules\finModule.h">
      <Filter>Header Files</Filter>
    </ClInclude>
    <ClInclude Include="src\Core\UUID\endianness.h">
      <Filter>Header Files</Filter>
    </ClInclude>
    <ClInclude Include="src\Core\Application.h">
      <Filter>Header Files</Filter>
    </ClInclude>
    <ClInclude Include="src\Modules\audio\device.h">
      <Filter>Header Files</Filter>
    </ClInclude>
    <ClInclude Include="src\Modules\audio\deviceimpl\deviceImpl.h">
      <Filter>Header Files</Filter>
    </ClInclude>
    <ClInclude Include="src\Modules\audio\audio.hpp">
      <Filter>Header Files</Filter>
    </ClInclude>
    <ClInclude Include="src\Modules\audio\listener\listener_impl.h">
      <Filter>Header Files</Filter>
    </ClInclude>
    <ClInclude Include="src\Modules\audio\al_utils.h">
      <Filter>Header Files</Filter>
    </ClInclude>
    <ClInclude Include="src\Core\Audio\device.h">
      <Filter>Header Files\core\audio</Filter>
    </ClInclude>
    <ClInclude Include="src\Core\Audio\finAudio.h">
      <Filter>Header Files\core\audio</Filter>
    </ClInclude>
    <ClInclude Include="src\Core\Memory\memory.h">
      <Filter>Header Files\core\memory</Filter>
    </ClInclude>
    <ClInclude Include="src\Core\UUID\uuid.hpp">
      <Filter>Header Files\core\uuid</Filter>
    </ClInclude>
    <ClInclude Include="src\UIGFX\Gfx.h">
      <Filter>Header Files\gfx</Filter>
    </ClInclude>
    <ClInclude Include="src\UIGFX\input.h">
      <Filter>Header Files\gfx</Filter>
    </ClInclude>
    <ClInclude Include="src\UIGFX\Panel.h">
      <Filter>Header Files\gfx</Filter>
    </ClInclude>
    <ClInclude Include="src\UIGFX\Window.h">
      <Filter>Header Files\gfx</Filter>
    </ClInclude>
    <ClInclude Include="src\UIGFX\panels\FileBrowser.h">
      <Filter>Header Files\gfx\windows</Filter>
    </ClInclude>
    <ClInclude Include="src\UIGFX\windows\fileoperations\fileDialog.h">
      <Filter>Header Files\gfx\windows\fileops</Filter>
    </ClInclude>
    <ClInclude Include="src\UIGFX\panels\ObjectHierarchyPanel.h">
      <Filter>Header Files\gfx\panels</Filter>
    </ClInclude>
    <ClInclude Include="src\UIGFX\panels\SceneView.h">
      <Filter>Header Files\gfx\panels</Filter>
    </ClInclude>
    <ClInclude Include="src\UIGFX\panels\PropertyPanel.h">
      <Filter>Header Files\gfx\panels</Filter>
    </ClInclude>
    <ClInclude Include="src\Graphics\SceneSystem\Scene.h">
      <Filter>Header Files</Filter>
    </ClInclude>
    <ClInclude Include="src\Graphics\SceneSystem\SceneManager.h">
      <Filter>Header Files</Filter>
    </ClInclude>
    <ClInclude Include="src\Graphics\Components\Object.h">
      <Filter>Header Files</Filter>
    </ClInclude>
    <ClInclude Include="src\Graphics\Components\Component.h">
      <Filter>Header Files</Filter>
    </ClInclude>
    <ClInclude Include="src\Graphics\Components\Transform\Transform.h">
      <Filter>Header Files</Filter>
    </ClInclude>
    <ClInclude Include="src\Graphics\Components\Collision\Collision.h">
      <Filter>Header Files</Filter>
    </ClInclude>
    <ClInclude Include="src\Graphics\Components\Behaviour.h">
      <Filter>Header Files</Filter>
    </ClInclude>
    <ClInclude Include="src\Graphics\Components\Light\PointLight.h">
      <Filter>Header Files</Filter>
    </ClInclude>
    <ClInclude Include="src\Core\Core.h">
      <Filter>Header Files</Filter>
    </ClInclude>
    <ClInclude Include="src\Core\Logging.h">
      <Filter>Header Files</Filter>
    </ClInclude>
    <ClInclude Include="src\Core\Basics.h">
      <Filter>Header Files</Filter>
    </ClInclude>
    <ClInclude Include="src\Core\Game.h">
      <Filter>Header Files</Filter>
    </ClInclude>
    <ClInclude Include="src\Core\Debug\GameProfiler.h">
      <Filter>Header Files</Filter>
    </ClInclude>
    <ClInclude Include="src\Core\Debug\FPSCounter.h">
      <Filter>Header Files</Filter>
    </ClInclude>
    <ClInclude Include="src\Core\Debug\DriverInfo.h">
      <Filter>Header Files</Filter>
    </ClInclude>
    <ClInclude Include="src\Core\Debug\FrameInfo.h">
      <Filter>Header Files</Filter>
    </ClInclude>
    <ClInclude Include="src\Core\Context.h">
      <Filter>Header Files</Filter>
    </ClInclude>
    <ClInclude Include="src\Graphics\IDrawable.h">
      <Filter>Header Files</Filter>
    </ClInclude>
  </ItemGroup>
  <ItemGroup>
    <ClCompile Include="finitycore.cpp">
      <Filter>Source Files</Filter>
    </ClCompile>
    <ClCompile Include="src\UIGFX\panels\SceneView.cpp">
      <Filter>Source Files</Filter>
    </ClCompile>
    <ClCompile Include="src\UIGFX\Gfx.cpp">
      <Filter>Source Files</Filter>
    </ClCompile>
    <ClCompile Include="src\UIGFX\Window.cpp">
      <Filter>Source Files</Filter>
    </ClCompile>
    <ClCompile Include="src\Modules\importers\meshImporter.cpp">
      <Filter>Source Files</Filter>
    </ClCompile>
    <ClCompile Include="src\Graphics\Components\Collision\CollisionModel\CollisionModel.cpp">
      <Filter>Source Files</Filter>
    </ClCompile>
    <ClCompile Include="src\Graphics\Components\PBR\PBRMaterial.cpp">
      <Filter>Source Files</Filter>
    </ClCompile>
    <ClCompile Include="src\Graphics\Components\Skybox\Skybox.cpp">
      <Filter>Source Files</Filter>
    </ClCompile>
    <ClCompile Include="src\Graphics\Components\GLShader.cpp">
      <Filter>Source Files</Filter>
    </ClCompile>
    <ClCompile Include="src\Graphics\Components\GLTexture.cpp">
      <Filter>Source Files</Filter>
    </ClCompile>
    <ClCompile Include="src\Graphics\Components\GLVertexArray.cpp">
      <Filter>Source Files</Filter>
    </ClCompile>
    <ClCompile Include="src\Graphics\Components\Mesh.cpp">
      <Filter>Source Files</Filter>
    </ClCompile>
    <ClCompile Include="src\Graphics\Handler\errorHandler\errors.cpp">
      <Filter>Source Files</Filter>
    </ClCompile>
    <ClCompile Include="src\Graphics\Util\tokenizer.cpp">
      <Filter>Source Files</Filter>
    </ClCompile>
    <ClCompile Include="src\Graphics\glBufferManager.cpp">
      <Filter>Source Files</Filter>
    </ClCompile>
    <ClCompile Include="src\Graphics\glContext.cpp">
      <Filter>Source Files</Filter>
    </ClCompile>
    <ClCompile Include="src\Graphics\renderer.cpp">
      <Filter>Source Files</Filter>
    </ClCompile>
    <ClCompile Include="src\Graphics\Components\Camera\Camera.cpp">
      <Filter>Source Files</Filter>
    </ClCompile>
    <ClCompile Include="src\Core\Audio\finAudio.cpp">
      <Filter>Source Files</Filter>
    </ClCompile>
    <ClCompile Include="src\Core\Memory\memory.cpp">
      <Filter>Source Files</Filter>
    </ClCompile>
    <ClCompile Include="src\Core\Audio\device.cpp">
      <Filter>Source Files</Filter>
    </ClCompile>
    <ClCompile Include="src\Core\Application.cpp">
      <Filter>Source Files</Filter>
    </ClCompile>
    <ClCompile Include="src\Modules\audio\device.cpp">
      <Filter>Source Files</Filter>
    </ClCompile>
    <ClCompile Include="src\Modules\audio\deviceimpl\deviceImpl.cpp">
      <Filter>Source Files</Filter>
    </ClCompile>
    <ClCompile Include="src\Modules\audio\listener\listener_impl.cpp">
      <Filter>Source Files</Filter>
    </ClCompile>
    <ClCompile Include="src\Graphics\SceneSystem\Scene.cpp">
      <Filter>Source Files</Filter>
    </ClCompile>
    <ClCompile Include="src\Graphics\Components\Object.cpp">
      <Filter>Source Files</Filter>
    </ClCompile>
    <ClCompile Include="src\Core\Game.cpp">
      <Filter>Source Files</Filter>
    </ClCompile>
    <ClCompile Include="src\Core\Context.cpp">
      <Filter>Source Files</Filter>
    </ClCompile>
  </ItemGroup>
</Project>